
Microsoft Visual Studio Solution File, Format Version 12.00
# Visual Studio Version 16
VisualStudioVersion = 16.0.30907.101
MinimumVisualStudioVersion = 10.0.40219.1
Project("{FAE04EC0-301F-11D3-BF4B-00C04F79EFBC}") = "BP.ColourChimp", "BP.ColourChimp\BP.ColourChimp.csproj", "{EFD44A6B-AFE7-472A-9FCC-7D0DF909FA48}"
EndProject
Global
	GlobalSection(SolutionConfigurationPlatforms) = preSolution
		Debug|Any CPU = Debug|Any CPU
		Release|Any CPU = Release|Any CPU
	EndGlobalSection
	GlobalSection(ProjectConfigurationPlatforms) = postSolution
		{EFD44A6B-AFE7-472A-9FCC-7D0DF909FA48}.Debug|Any CPU.ActiveCfg = Debug|Any CPU
		{EFD44A6B-AFE7-472A-9FCC-7D0DF909FA48}.Debug|Any CPU.Build.0 = Debug|Any CPU
		{EFD44A6B-AFE7-472A-9FCC-7D0DF909FA48}.Release|Any CPU.ActiveCfg = Release|Any CPU
		{EFD44A6B-AFE7-472A-9FCC-7D0DF909FA48}.Release|Any CPU.Build.0 = Release|Any CPU
	EndGlobalSection
	GlobalSection(SolutionProperties) = preSolution
		HideSolutionNode = FALSE
	EndGlobalSection
	GlobalSection(ExtensibilityGlobals) = postSolution
		SolutionGuid = {56DDD319-B827-47E4-9F22-E7A89302E3C6}
	EndGlobalSection
EndGlobal
